
Microsoft Visual Studio Solution File, Format Version 12.00
# Visual Studio 2012
Project("{FAE04EC0-301F-11D3-BF4B-00C04F79EFBC}") = "[IPC2]Practica2", "[IPC2]Practica2\[IPC2]Practica2.csproj", "{162F266D-C1C8-4182-B8FF-A501BD8CC907}"
EndProject
Global
	GlobalSection(SolutionConfigurationPlatforms) = preSolution
		Debug|Any CPU = Debug|Any CPU
		Release|Any CPU = Release|Any CPU
	EndGlobalSection
	GlobalSection(ProjectConfigurationPlatforms) = postSolution
		{162F266D-C1C8-4182-B8FF-A501BD8CC907}.Debug|Any CPU.ActiveCfg = Debug|Any CPU
		{162F266D-C1C8-4182-B8FF-A501BD8CC907}.Debug|Any CPU.Build.0 = Debug|Any CPU
		{162F266D-C1C8-4182-B8FF-A501BD8CC907}.Release|Any CPU.ActiveCfg = Release|Any CPU
		{162F266D-C1C8-4182-B8FF-A501BD8CC907}.Release|Any CPU.Build.0 = Release|Any CPU
	EndGlobalSection
	GlobalSection(SolutionProperties) = preSolution
		HideSolutionNode = FALSE
	EndGlobalSection
EndGlobal
